
Microsoft Visual Studio Solution File, Format Version 12.00
# Visual Studio Version 17
VisualStudioVersion = 17.10.35013.160
MinimumVisualStudioVersion = 10.0.40219.1
Project("{FAE04EC0-301F-11D3-BF4B-00C04F79EFBC}") = "MauiWebViewSpaceBug", "MauiWebViewSpaceBug\MauiWebViewSpaceBug.csproj", "{ADBF30F6-8A38-41F2-B70B-AE1DB518F338}"
EndProject
Global
	GlobalSection(SolutionConfigurationPlatforms) = preSolution
		Debug|Any CPU = Debug|Any CPU
		Release|Any CPU = Release|Any CPU
	EndGlobalSection
	GlobalSection(ProjectConfigurationPlatforms) = postSolution
		{ADBF30F6-8A38-41F2-B70B-AE1DB518F338}.Debug|Any CPU.ActiveCfg = Debug|Any CPU
		{ADBF30F6-8A38-41F2-B70B-AE1DB518F338}.Debug|Any CPU.Build.0 = Debug|Any CPU
		{ADBF30F6-8A38-41F2-B70B-AE1DB518F338}.Debug|Any CPU.Deploy.0 = Debug|Any CPU
		{ADBF30F6-8A38-41F2-B70B-AE1DB518F338}.Release|Any CPU.ActiveCfg = Release|Any CPU
		{ADBF30F6-8A38-41F2-B70B-AE1DB518F338}.Release|Any CPU.Build.0 = Release|Any CPU
		{ADBF30F6-8A38-41F2-B70B-AE1DB518F338}.Release|Any CPU.Deploy.0 = Release|Any CPU
	EndGlobalSection
	GlobalSection(SolutionProperties) = preSolution
		HideSolutionNode = FALSE
	EndGlobalSection
	GlobalSection(ExtensibilityGlobals) = postSolution
		SolutionGuid = {4A5EDA56-4955-4E91-818B-F44283DB781A}
	EndGlobalSection
EndGlobal
